
Microsoft Visual Studio Solution File, Format Version 12.00
# Visual Studio 2013
VisualStudioVersion = 12.0.21005.1
MinimumVisualStudioVersion = 10.0.40219.1
Project("{FAE04EC0-301F-11D3-BF4B-00C04F79EFBC}") = "ConsoleAppCompositePattern", "Kata 1\CompositePattern\ConsoleAppCompositePattern\ConsoleAppCompositePattern.csproj", "{DAA9509C-E2E7-4980-8EA1-9D1956818A8A}"
EndProject
Project("{2150E333-8FDC-42A3-9474-1A3956D46DE8}") = "Kata1", "Kata1", "{694F71BD-1F55-41BB-A9A9-84F39FE9E22E}"
EndProject
Project("{2150E333-8FDC-42A3-9474-1A3956D46DE8}") = "CompositePattern", "CompositePattern", "{11BEC597-21C6-4B2D-AD72-A4F66433CD5D}"
EndProject
Project("{2150E333-8FDC-42A3-9474-1A3956D46DE8}") = "CompositePatternWithTDD", "CompositePatternWithTDD", "{6CA89822-85D5-47B2-8E54-46AFAE1A53F7}"
EndProject
Project("{2150E333-8FDC-42A3-9474-1A3956D46DE8}") = "VisitorPattern", "VisitorPattern", "{C3E7790F-7034-4154-AA46-5F593A8E7E4C}"
EndProject
Project("{2150E333-8FDC-42A3-9474-1A3956D46DE8}") = "Kata2", "Kata2", "{0C5E0FB0-CBAF-4FD8-92C1-F555A7810B09}"
EndProject
Project("{2150E333-8FDC-42A3-9474-1A3956D46DE8}") = "CompositePatternWithTDD", "CompositePatternWithTDD", "{23695F93-AFC3-4DA9-9E47-FC4DBB69C687}"
EndProject
Project("{2150E333-8FDC-42A3-9474-1A3956D46DE8}") = "VisitorPatternWithTDD", "VisitorPatternWithTDD", "{2F81C2D0-D3E8-4DB8-BCE7-FC54EFB7A1AE}"
EndProject
Project("{FAE04EC0-301F-11D3-BF4B-00C04F79EFBC}") = "ConsoleAppCompositeClub.Test", "Kata 1\CompositePatternWithTDD\ConsoleAppCompositeClub.Test\ConsoleAppCompositeClub.Test.csproj", "{AFF23C06-3837-4CE2-82C3-60663B082A65}"
EndProject
Project("{FAE04EC0-301F-11D3-BF4B-00C04F79EFBC}") = "ConsoleAppCompositeClub", "Kata 1\CompositePatternWithTDD\ConsoleAppCompositeClub\ConsoleAppCompositeClub.csproj", "{3DD68B4A-2394-46B6-A82C-7A625D04BDE7}"
EndProject
Project("{FAE04EC0-301F-11D3-BF4B-00C04F79EFBC}") = "ConsoleAppVisitorPatternEmailSender", "Kata 1\VisitorPattern\ConsoleAppVisitorPatternEmailSender\ConsoleAppVisitorPatternEmailSender.csproj", "{721FB860-9582-4868-8DAA-3D4EDD575029}"
EndProject
Project("{FAE04EC0-301F-11D3-BF4B-00C04F79EFBC}") = "ConsoleAppCompositePatternWithTDD.Test", "Kata 2\CompositePatternWithTDD\ConsoleAppCompositePatternWithTDD.Test\ConsoleAppCompositePatternWithTDD.Test.csproj", "{FC915936-09F7-4C9E-A8B3-26AF3866D73C}"
EndProject
Project("{FAE04EC0-301F-11D3-BF4B-00C04F79EFBC}") = "ConsoleAppCompositePatternSendEmail", "Kata 2\CompositePatternWithTDD\ConsoleAppCompositePatternSendEmail\ConsoleAppCompositePatternSendEmail.csproj", "{EE166FF7-EB97-4FAF-BDC6-D1BB42784D78}"
EndProject
Project("{FAE04EC0-301F-11D3-BF4B-00C04F79EFBC}") = "ConsoleAppVisitorPatternSendEMailStudyTest", "Kata 2\VisitorPatternWithTDD\ConsoleAppVisitorPatternSendEMailStudyTest\ConsoleAppVisitorPatternSendEMailStudyTest.csproj", "{DCDE1929-502C-4B16-B10B-83C3BFCAC405}"
EndProject
Project("{FAE04EC0-301F-11D3-BF4B-00C04F79EFBC}") = "ConsoleAppVisitorPatternSendEmailStudy", "Kata 2\VisitorPatternWithTDD\ConsoleAppVisitorPatternSendEmailStudy\ConsoleAppVisitorPatternSendEmailStudy.csproj", "{3BE40222-1D4E-42C4-A064-E8C436EC96F3}"
EndProject
Project("{2150E333-8FDC-42A3-9474-1A3956D46DE8}") = "Kata3", "Kata3", "{A2F43D9D-B0B9-402B-9DC7-E72D1286BA29}"
EndProject
Project("{2150E333-8FDC-42A3-9474-1A3956D46DE8}") = "FacadePatternStudy", "FacadePatternStudy", "{184EBCA2-9725-4A52-B476-6C0D89C98AC3}"
EndProject
Project("{FAE04EC0-301F-11D3-BF4B-00C04F79EFBC}") = "ConsoleAppFacadePatternStudy", "Kata 3\FacadePatternStudy\ConsoleAppFacadePatternStudy\ConsoleAppFacadePatternStudy.csproj", "{90E670B8-D546-453E-8BF7-873E7D1575D4}"
EndProject
Project("{2150E333-8FDC-42A3-9474-1A3956D46DE8}") = "IoC Container", "IoC Container", "{7A1906A7-B144-4EEB-B88F-D521E0540DD5}"
EndProject
Project("{FAE04EC0-301F-11D3-BF4B-00C04F79EFBC}") = "ConsoleAppIoCContainer", "Kata 3\IoC Container\ConsoleAppIoCContainer\ConsoleAppIoCContainer.csproj", "{5C15DAF7-DD0C-4033-83BA-BCB6CF744FC3}"
EndProject
Project("{2150E333-8FDC-42A3-9474-1A3956D46DE8}") = "Kata4", "Kata4", "{C83CF09D-B0C8-45C1-859C-9FE8BD040645}"
EndProject
Project("{2150E333-8FDC-42A3-9474-1A3956D46DE8}") = "TDD-Study", "TDD-Study", "{E6034405-5824-42BA-A911-7C8F4E8C3279}"
EndProject
Project("{2150E333-8FDC-42A3-9474-1A3956D46DE8}") = "ChainOfResponsabilityPatternStudy", "ChainOfResponsabilityPatternStudy", "{2C8EE2D3-C507-49F7-B709-ABACB6D99098}"
EndProject
Global
	GlobalSection(SolutionConfigurationPlatforms) = preSolution
		Debug|Any CPU = Debug|Any CPU
		Release|Any CPU = Release|Any CPU
	EndGlobalSection
	GlobalSection(ProjectConfigurationPlatforms) = postSolution
		{DAA9509C-E2E7-4980-8EA1-9D1956818A8A}.Debug|Any CPU.ActiveCfg = Debug|Any CPU
		{DAA9509C-E2E7-4980-8EA1-9D1956818A8A}.Debug|Any CPU.Build.0 = Debug|Any CPU
		{DAA9509C-E2E7-4980-8EA1-9D1956818A8A}.Release|Any CPU.ActiveCfg = Release|Any CPU
		{DAA9509C-E2E7-4980-8EA1-9D1956818A8A}.Release|Any CPU.Build.0 = Release|Any CPU
		{AFF23C06-3837-4CE2-82C3-60663B082A65}.Debug|Any CPU.ActiveCfg = Debug|Any CPU
		{AFF23C06-3837-4CE2-82C3-60663B082A65}.Debug|Any CPU.Build.0 = Debug|Any CPU
		{AFF23C06-3837-4CE2-82C3-60663B082A65}.Release|Any CPU.ActiveCfg = Release|Any CPU
		{AFF23C06-3837-4CE2-82C3-60663B082A65}.Release|Any CPU.Build.0 = Release|Any CPU
		{3DD68B4A-2394-46B6-A82C-7A625D04BDE7}.Debug|Any CPU.ActiveCfg = Debug|Any CPU
		{3DD68B4A-2394-46B6-A82C-7A625D04BDE7}.Debug|Any CPU.Build.0 = Debug|Any CPU
		{3DD68B4A-2394-46B6-A82C-7A625D04BDE7}.Release|Any CPU.ActiveCfg = Release|Any CPU
		{3DD68B4A-2394-46B6-A82C-7A625D04BDE7}.Release|Any CPU.Build.0 = Release|Any CPU
		{721FB860-9582-4868-8DAA-3D4EDD575029}.Debug|Any CPU.ActiveCfg = Debug|Any CPU
		{721FB860-9582-4868-8DAA-3D4EDD575029}.Debug|Any CPU.Build.0 = Debug|Any CPU
		{721FB860-9582-4868-8DAA-3D4EDD575029}.Release|Any CPU.ActiveCfg = Release|Any CPU
		{721FB860-9582-4868-8DAA-3D4EDD575029}.Release|Any CPU.Build.0 = Release|Any CPU
		{FC915936-09F7-4C9E-A8B3-26AF3866D73C}.Debug|Any CPU.ActiveCfg = Debug|Any CPU
		{FC915936-09F7-4C9E-A8B3-26AF3866D73C}.Debug|Any CPU.Build.0 = Debug|Any CPU
		{FC915936-09F7-4C9E-A8B3-26AF3866D73C}.Release|Any CPU.ActiveCfg = Release|Any CPU
		{FC915936-09F7-4C9E-A8B3-26AF3866D73C}.Release|Any CPU.Build.0 = Release|Any CPU
		{EE166FF7-EB97-4FAF-BDC6-D1BB42784D78}.Debug|Any CPU.ActiveCfg = Debug|Any CPU
		{EE166FF7-EB97-4FAF-BDC6-D1BB42784D78}.Debug|Any CPU.Build.0 = Debug|Any CPU
		{EE166FF7-EB97-4FAF-BDC6-D1BB42784D78}.Release|Any CPU.ActiveCfg = Release|Any CPU
		{EE166FF7-EB97-4FAF-BDC6-D1BB42784D78}.Release|Any CPU.Build.0 = Release|Any CPU
		{DCDE1929-502C-4B16-B10B-83C3BFCAC405}.Debug|Any CPU.ActiveCfg = Debug|Any CPU
		{DCDE1929-502C-4B16-B10B-83C3BFCAC405}.Debug|Any CPU.Build.0 = Debug|Any CPU
		{DCDE1929-502C-4B16-B10B-83C3BFCAC405}.Release|Any CPU.ActiveCfg = Release|Any CPU
		{DCDE1929-502C-4B16-B10B-83C3BFCAC405}.Release|Any CPU.Build.0 = Release|Any CPU
		{3BE40222-1D4E-42C4-A064-E8C436EC96F3}.Debug|Any CPU.ActiveCfg = Debug|Any CPU
		{3BE40222-1D4E-42C4-A064-E8C436EC96F3}.Debug|Any CPU.Build.0 = Debug|Any CPU
		{3BE40222-1D4E-42C4-A064-E8C436EC96F3}.Release|Any CPU.ActiveCfg = Release|Any CPU
		{3BE40222-1D4E-42C4-A064-E8C436EC96F3}.Release|Any CPU.Build.0 = Release|Any CPU
		{90E670B8-D546-453E-8BF7-873E7D1575D4}.Debug|Any CPU.ActiveCfg = Debug|Any CPU
		{90E670B8-D546-453E-8BF7-873E7D1575D4}.Debug|Any CPU.Build.0 = Debug|Any CPU
		{90E670B8-D546-453E-8BF7-873E7D1575D4}.Release|Any CPU.ActiveCfg = Release|Any CPU
		{90E670B8-D546-453E-8BF7-873E7D1575D4}.Release|Any CPU.Build.0 = Release|Any CPU
		{5C15DAF7-DD0C-4033-83BA-BCB6CF744FC3}.Debug|Any CPU.ActiveCfg = Debug|Any CPU
		{5C15DAF7-DD0C-4033-83BA-BCB6CF744FC3}.Debug|Any CPU.Build.0 = Debug|Any CPU
		{5C15DAF7-DD0C-4033-83BA-BCB6CF744FC3}.Release|Any CPU.ActiveCfg = Release|Any CPU
		{5C15DAF7-DD0C-4033-83BA-BCB6CF744FC3}.Release|Any CPU.Build.0 = Release|Any CPU
	EndGlobalSection
	GlobalSection(SolutionProperties) = preSolution
		HideSolutionNode = FALSE
	EndGlobalSection
	GlobalSection(NestedProjects) = preSolution
		{11BEC597-21C6-4B2D-AD72-A4F66433CD5D} = {694F71BD-1F55-41BB-A9A9-84F39FE9E22E}
		{6CA89822-85D5-47B2-8E54-46AFAE1A53F7} = {694F71BD-1F55-41BB-A9A9-84F39FE9E22E}
		{C3E7790F-7034-4154-AA46-5F593A8E7E4C} = {694F71BD-1F55-41BB-A9A9-84F39FE9E22E}
		{DAA9509C-E2E7-4980-8EA1-9D1956818A8A} = {11BEC597-21C6-4B2D-AD72-A4F66433CD5D}
		{AFF23C06-3837-4CE2-82C3-60663B082A65} = {6CA89822-85D5-47B2-8E54-46AFAE1A53F7}
		{3DD68B4A-2394-46B6-A82C-7A625D04BDE7} = {6CA89822-85D5-47B2-8E54-46AFAE1A53F7}
		{721FB860-9582-4868-8DAA-3D4EDD575029} = {C3E7790F-7034-4154-AA46-5F593A8E7E4C}
		{23695F93-AFC3-4DA9-9E47-FC4DBB69C687} = {0C5E0FB0-CBAF-4FD8-92C1-F555A7810B09}
		{2F81C2D0-D3E8-4DB8-BCE7-FC54EFB7A1AE} = {0C5E0FB0-CBAF-4FD8-92C1-F555A7810B09}
		{FC915936-09F7-4C9E-A8B3-26AF3866D73C} = {23695F93-AFC3-4DA9-9E47-FC4DBB69C687}
		{EE166FF7-EB97-4FAF-BDC6-D1BB42784D78} = {23695F93-AFC3-4DA9-9E47-FC4DBB69C687}
		{DCDE1929-502C-4B16-B10B-83C3BFCAC405} = {2F81C2D0-D3E8-4DB8-BCE7-FC54EFB7A1AE}
		{3BE40222-1D4E-42C4-A064-E8C436EC96F3} = {2F81C2D0-D3E8-4DB8-BCE7-FC54EFB7A1AE}
		{184EBCA2-9725-4A52-B476-6C0D89C98AC3} = {A2F43D9D-B0B9-402B-9DC7-E72D1286BA29}
		{7A1906A7-B144-4EEB-B88F-D521E0540DD5} = {A2F43D9D-B0B9-402B-9DC7-E72D1286BA29}
		{90E670B8-D546-453E-8BF7-873E7D1575D4} = {184EBCA2-9725-4A52-B476-6C0D89C98AC3}
		{5C15DAF7-DD0C-4033-83BA-BCB6CF744FC3} = {7A1906A7-B144-4EEB-B88F-D521E0540DD5}
		{E6034405-5824-42BA-A911-7C8F4E8C3279} = {C83CF09D-B0C8-45C1-859C-9FE8BD040645}
		{2C8EE2D3-C507-49F7-B709-ABACB6D99098} = {C83CF09D-B0C8-45C1-859C-9FE8BD040645}
	EndGlobalSection
EndGlobal
