
Microsoft Visual Studio Solution File, Format Version 12.00
# Visual Studio 2013
VisualStudioVersion = 12.0.20827.3
MinimumVisualStudioVersion = 10.0.40219.1
Project("{FAE04EC0-301F-11D3-BF4B-00C04F79EFBC}") = "ConsoleAppCompositePattern", "Kata 1\CompositePattern\ConsoleAppCompositePattern\ConsoleAppCompositePattern.csproj", "{DAA9509C-E2E7-4980-8EA1-9D1956818A8A}"
EndProject
Project("{2150E333-8FDC-42A3-9474-1A3956D46DE8}") = "Kata1", "Kata1", "{694F71BD-1F55-41BB-A9A9-84F39FE9E22E}"
EndProject
Project("{2150E333-8FDC-42A3-9474-1A3956D46DE8}") = "CompositePattern", "CompositePattern", "{11BEC597-21C6-4B2D-AD72-A4F66433CD5D}"
EndProject
Project("{2150E333-8FDC-42A3-9474-1A3956D46DE8}") = "CompositePatternWithTDD", "CompositePatternWithTDD", "{6CA89822-85D5-47B2-8E54-46AFAE1A53F7}"
EndProject
Project("{2150E333-8FDC-42A3-9474-1A3956D46DE8}") = "VisitorPattern", "VisitorPattern", "{C3E7790F-7034-4154-AA46-5F593A8E7E4C}"
EndProject
Project("{2150E333-8FDC-42A3-9474-1A3956D46DE8}") = "Kata2", "Kata2", "{0C5E0FB0-CBAF-4FD8-92C1-F555A7810B09}"
EndProject
Project("{2150E333-8FDC-42A3-9474-1A3956D46DE8}") = "CompositePatternWithTDD", "CompositePatternWithTDD", "{23695F93-AFC3-4DA9-9E47-FC4DBB69C687}"
EndProject
Project("{2150E333-8FDC-42A3-9474-1A3956D46DE8}") = "VisitorPatternWithTDD", "VisitorPatternWithTDD", "{2F81C2D0-D3E8-4DB8-BCE7-FC54EFB7A1AE}"
EndProject
Project("{FAE04EC0-301F-11D3-BF4B-00C04F79EFBC}") = "ConsoleAppCompositeClub.Test", "Kata 1\CompositePatternWithTDD\ConsoleAppCompositeClub.Test\ConsoleAppCompositeClub.Test.csproj", "{AFF23C06-3837-4CE2-82C3-60663B082A65}"
EndProject
Project("{FAE04EC0-301F-11D3-BF4B-00C04F79EFBC}") = "ConsoleAppCompositeClub", "Kata 1\CompositePatternWithTDD\ConsoleAppCompositeClub\ConsoleAppCompositeClub.csproj", "{3DD68B4A-2394-46B6-A82C-7A625D04BDE7}"
EndProject
Project("{FAE04EC0-301F-11D3-BF4B-00C04F79EFBC}") = "ConsoleAppVisitorPatternEmailSender", "Kata 1\VisitorPattern\ConsoleAppVisitorPatternEmailSender\ConsoleAppVisitorPatternEmailSender.csproj", "{721FB860-9582-4868-8DAA-3D4EDD575029}"
EndProject
Project("{FAE04EC0-301F-11D3-BF4B-00C04F79EFBC}") = "ConsoleAppCompositePatternWithTDD.Test", "Kata 2\CompositePatternWithTDD\ConsoleAppCompositePatternWithTDD.Test\ConsoleAppCompositePatternWithTDD.Test.csproj", "{FC915936-09F7-4C9E-A8B3-26AF3866D73C}"
EndProject
Project("{FAE04EC0-301F-11D3-BF4B-00C04F79EFBC}") = "ConsoleAppCompositePatternSendEmail", "Kata 2\CompositePatternWithTDD\ConsoleAppCompositePatternSendEmail\ConsoleAppCompositePatternSendEmail.csproj", "{EE166FF7-EB97-4FAF-BDC6-D1BB42784D78}"
EndProject
Project("{FAE04EC0-301F-11D3-BF4B-00C04F79EFBC}") = "ConsoleAppVisitorPatternSendEMailStudyTest", "Kata 2\VisitorPatternWithTDD\ConsoleAppVisitorPatternSendEMailStudyTest\ConsoleAppVisitorPatternSendEMailStudyTest.csproj", "{DCDE1929-502C-4B16-B10B-83C3BFCAC405}"
EndProject
Project("{FAE04EC0-301F-11D3-BF4B-00C04F79EFBC}") = "ConsoleAppVisitorPatternSendEmailStudy", "Kata 2\VisitorPatternWithTDD\ConsoleAppVisitorPatternSendEmailStudy\ConsoleAppVisitorPatternSendEmailStudy.csproj", "{3BE40222-1D4E-42C4-A064-E8C436EC96F3}"
EndProject
Project("{2150E333-8FDC-42A3-9474-1A3956D46DE8}") = "Kata3", "Kata3", "{A2F43D9D-B0B9-402B-9DC7-E72D1286BA29}"
EndProject
Project("{2150E333-8FDC-42A3-9474-1A3956D46DE8}") = "FacadePatternStudy", "FacadePatternStudy", "{184EBCA2-9725-4A52-B476-6C0D89C98AC3}"
EndProject
Project("{FAE04EC0-301F-11D3-BF4B-00C04F79EFBC}") = "ConsoleAppFacadePatternStudy", "Kata 3\FacadePatternStudy\ConsoleAppFacadePatternStudy\ConsoleAppFacadePatternStudy.csproj", "{90E670B8-D546-453E-8BF7-873E7D1575D4}"
EndProject
Project("{2150E333-8FDC-42A3-9474-1A3956D46DE8}") = "IoC Container", "IoC Container", "{7A1906A7-B144-4EEB-B88F-D521E0540DD5}"
EndProject
Project("{FAE04EC0-301F-11D3-BF4B-00C04F79EFBC}") = "ConsoleAppIoCContainer", "Kata 3\IoC Container\ConsoleAppIoCContainer\ConsoleAppIoCContainer.csproj", "{5C15DAF7-DD0C-4033-83BA-BCB6CF744FC3}"
EndProject
Project("{2150E333-8FDC-42A3-9474-1A3956D46DE8}") = "Kata4", "Kata4", "{C83CF09D-B0C8-45C1-859C-9FE8BD040645}"
EndProject
Project("{2150E333-8FDC-42A3-9474-1A3956D46DE8}") = "TDD-Study", "TDD-Study", "{E6034405-5824-42BA-A911-7C8F4E8C3279}"
EndProject
Project("{2150E333-8FDC-42A3-9474-1A3956D46DE8}") = "ChainOfResponsabilityPatternStudy", "ChainOfResponsabilityPatternStudy", "{2C8EE2D3-C507-49F7-B709-ABACB6D99098}"
EndProject
Project("{FAE04EC0-301F-11D3-BF4B-00C04F79EFBC}") = "ChainOfResponsabilityPatternStudy", "Kata 4\ChainOfResponsabilityPatternStudy\ChainOfResponsabilityPatternStudy\ChainOfResponsabilityPatternStudy.csproj", "{73B5EC30-ED1C-4ACD-93C5-73EC9266D28F}"
EndProject
Project("{FAE04EC0-301F-11D3-BF4B-00C04F79EFBC}") = "MyFirstSpa", "Kata 5\SPA-App\MyFirstSpa\MyFirstSpa.csproj", "{B46A47E7-944C-4241-8C87-A274F8F4D5DE}"
EndProject
Project("{FAE04EC0-301F-11D3-BF4B-00C04F79EFBC}") = "HotTowel-Study", "Kata 5\SPA-App\HotTowel-Study\HotTowel-Study.csproj", "{5B65E5BB-121E-4857-A4C5-7C1A8CAC1978}"
EndProject
Project("{2150E333-8FDC-42A3-9474-1A3956D46DE8}") = "Kata5", "Kata5", "{981A31A1-0DD6-45BA-B48E-796383D91C91}"
EndProject
Project("{2150E333-8FDC-42A3-9474-1A3956D46DE8}") = "SPA-App", "SPA-App", "{41D2C1A9-C155-429E-8B51-4A8BBA7B5D98}"
EndProject
Project("{FAE04EC0-301F-11D3-BF4B-00C04F79EFBC}") = "SpaFromScratch", "Kata 5\SPA-App\SpaFromScratch\SpaFromScratch.csproj", "{B1EEB277-E227-4475-B512-189DCC48FEB7}"
EndProject
Project("{FAE04EC0-301F-11D3-BF4B-00C04F79EFBC}") = "WebAppVs2013Model", "Kata 5\SPA-App\WebAppVs2013Model\WebAppVs2013Model.csproj", "{E1EB8E0C-AFDB-4D41-B2A2-D8779CCE3BFE}"
EndProject
Project("{FAE04EC0-301F-11D3-BF4B-00C04F79EFBC}") = "WebSpaAppFromScratch-2", "Kata 5\SPA-App\WebSpaAppFromScratch-2\WebSpaAppFromScratch-2.csproj", "{60FA5750-09F5-45C2-94F6-6B525BF244B9}"
EndProject
Project("{2150E333-8FDC-42A3-9474-1A3956D46DE8}") = "Kata6", "Kata6", "{948382DF-E9F2-454D-888D-E5535F420C3A}"
EndProject
Project("{2150E333-8FDC-42A3-9474-1A3956D46DE8}") = "SPA-Study", "SPA-Study", "{2893A47D-B1D9-4AF2-BD1C-1A08563807F9}"
EndProject
Project("{FAE04EC0-301F-11D3-BF4B-00C04F79EFBC}") = "SpaStudyWithDurandal1", "Kata 6\SPA-Study\SpaStudyWithDurandal1\SpaStudyWithDurandal1.csproj", "{B373984A-4734-43FC-A9B2-87BF33A847B2}"
EndProject
Project("{2150E333-8FDC-42A3-9474-1A3956D46DE8}") = "InharitanceInEfBehaviorStudy", "InharitanceInEfBehaviorStudy", "{334110BB-733F-4CD9-AFE7-0DFE0D13CF51}"
EndProject
Project("{FAE04EC0-301F-11D3-BF4B-00C04F79EFBC}") = "EfInheritanceBehavior", "Kata 6\InheritanceInEf-BehaviorStudy\EfInheritanceBehavior\EfInheritanceBehavior.csproj", "{11E63692-783D-4469-9F84-7E0B4C3AC8DD}"
EndProject
Project("{2150E333-8FDC-42A3-9474-1A3956D46DE8}") = "TimeZoneInfoStudy", "TimeZoneInfoStudy", "{2DFAB4E0-2FF4-402A-BABE-9AEC0445263F}"
EndProject
Project("{FAE04EC0-301F-11D3-BF4B-00C04F79EFBC}") = "ConsoleAppTimeZoneInfoStudy", "Kata 6\ConsoleAppTimeZoneInfoStudy\ConsoleAppTimeZoneInfoStudy.csproj", "{76B20E37-369D-4AEC-BA67-A807578E502F}"
EndProject
Project("{2150E333-8FDC-42A3-9474-1A3956D46DE8}") = "Work Kata", "Work Kata", "{53B74E97-A254-4B82-B658-05C09591F7B4}"
EndProject
Project("{FAE04EC0-301F-11D3-BF4B-00C04F79EFBC}") = "WebAppDownloadTextFileFromGridView", "Work Kata\WebAppDownloadTextFileFromGridView\WebAppDownloadTextFileFromGridView.csproj", "{83A2F6BD-9284-4DFB-AF4A-0623B8211BEB}"
EndProject
Project("{FAE04EC0-301F-11D3-BF4B-00C04F79EFBC}") = "DownloadTextFileFromGridView", "Work Kata\DownloadTextFileFromGridView\DownloadTextFileFromGridView.csproj", "{4E848710-704E-48B2-8A71-4D6B4832E941}"
EndProject
Project("{E24C65DC-7377-472B-9ABA-BC803B73C61A}") = "EmptyWebSiteDownloadTextFileFromGridView", "http://localhost:6582", "{2E4ABFFF-4CEA-490A-A090-9040C58DDEBF}"
	ProjectSection(WebsiteProperties) = preProject
		UseIISExpress = "true"
		TargetFrameworkMoniker = ".NETFramework,Version%3Dv4.0"
		Debug.AspNetCompiler.VirtualPath = "/localhost_6582"
		Debug.AspNetCompiler.PhysicalPath = "Work Kata\EmptyWebSiteDownloadTextFileFromGridView\"
		Debug.AspNetCompiler.TargetPath = "PrecompiledWeb\localhost_6582\"
		Debug.AspNetCompiler.Updateable = "true"
		Debug.AspNetCompiler.ForceOverwrite = "true"
		Debug.AspNetCompiler.FixedNames = "false"
		Debug.AspNetCompiler.Debug = "True"
		Release.AspNetCompiler.VirtualPath = "/localhost_6582"
		Release.AspNetCompiler.PhysicalPath = "Work Kata\EmptyWebSiteDownloadTextFileFromGridView\"
		Release.AspNetCompiler.TargetPath = "PrecompiledWeb\localhost_6582\"
		Release.AspNetCompiler.Updateable = "true"
		Release.AspNetCompiler.ForceOverwrite = "true"
		Release.AspNetCompiler.FixedNames = "false"
		Release.AspNetCompiler.Debug = "False"
		SlnRelativePath = "Work Kata\EmptyWebSiteDownloadTextFileFromGridView\"
		DefaultWebSiteLanguage = "Visual C#"
	EndProjectSection
EndProject
Project("{2150E333-8FDC-42A3-9474-1A3956D46DE8}") = "JavascriptStudy-To-MobileApp", "JavascriptStudy-To-MobileApp", "{80CF7ED8-39FA-4F38-AE0E-4D7910DADF7D}"
EndProject
Project("{FAE04EC0-301F-11D3-BF4B-00C04F79EFBC}") = "EmptyWebApp-JavascriptStudy-To-MobileApp", "Kata 6\EmptyWebApp-JavascriptStudy-To-MobileApp\EmptyWebApp-JavascriptStudy-To-MobileApp.csproj", "{CDBDC26C-DA44-4084-AEDB-7F202A54CB7D}"
EndProject
Global
	GlobalSection(SolutionConfigurationPlatforms) = preSolution
		Debug|Any CPU = Debug|Any CPU
		Debug|Mixed Platforms = Debug|Mixed Platforms
		Debug|x86 = Debug|x86
		Release|Any CPU = Release|Any CPU
		Release|Mixed Platforms = Release|Mixed Platforms
		Release|x86 = Release|x86
	EndGlobalSection
	GlobalSection(ProjectConfigurationPlatforms) = postSolution
		{DAA9509C-E2E7-4980-8EA1-9D1956818A8A}.Debug|Any CPU.ActiveCfg = Debug|Any CPU
		{DAA9509C-E2E7-4980-8EA1-9D1956818A8A}.Debug|Any CPU.Build.0 = Debug|Any CPU
		{DAA9509C-E2E7-4980-8EA1-9D1956818A8A}.Debug|Mixed Platforms.ActiveCfg = Debug|Any CPU
		{DAA9509C-E2E7-4980-8EA1-9D1956818A8A}.Debug|Mixed Platforms.Build.0 = Debug|Any CPU
		{DAA9509C-E2E7-4980-8EA1-9D1956818A8A}.Debug|x86.ActiveCfg = Debug|Any CPU
		{DAA9509C-E2E7-4980-8EA1-9D1956818A8A}.Release|Any CPU.ActiveCfg = Release|Any CPU
		{DAA9509C-E2E7-4980-8EA1-9D1956818A8A}.Release|Any CPU.Build.0 = Release|Any CPU
		{DAA9509C-E2E7-4980-8EA1-9D1956818A8A}.Release|Mixed Platforms.ActiveCfg = Release|Any CPU
		{DAA9509C-E2E7-4980-8EA1-9D1956818A8A}.Release|Mixed Platforms.Build.0 = Release|Any CPU
		{DAA9509C-E2E7-4980-8EA1-9D1956818A8A}.Release|x86.ActiveCfg = Release|Any CPU
		{AFF23C06-3837-4CE2-82C3-60663B082A65}.Debug|Any CPU.ActiveCfg = Debug|Any CPU
		{AFF23C06-3837-4CE2-82C3-60663B082A65}.Debug|Any CPU.Build.0 = Debug|Any CPU
		{AFF23C06-3837-4CE2-82C3-60663B082A65}.Debug|Mixed Platforms.ActiveCfg = Debug|Any CPU
		{AFF23C06-3837-4CE2-82C3-60663B082A65}.Debug|Mixed Platforms.Build.0 = Debug|Any CPU
		{AFF23C06-3837-4CE2-82C3-60663B082A65}.Debug|x86.ActiveCfg = Debug|Any CPU
		{AFF23C06-3837-4CE2-82C3-60663B082A65}.Release|Any CPU.ActiveCfg = Release|Any CPU
		{AFF23C06-3837-4CE2-82C3-60663B082A65}.Release|Any CPU.Build.0 = Release|Any CPU
		{AFF23C06-3837-4CE2-82C3-60663B082A65}.Release|Mixed Platforms.ActiveCfg = Release|Any CPU
		{AFF23C06-3837-4CE2-82C3-60663B082A65}.Release|Mixed Platforms.Build.0 = Release|Any CPU
		{AFF23C06-3837-4CE2-82C3-60663B082A65}.Release|x86.ActiveCfg = Release|Any CPU
		{3DD68B4A-2394-46B6-A82C-7A625D04BDE7}.Debug|Any CPU.ActiveCfg = Debug|Any CPU
		{3DD68B4A-2394-46B6-A82C-7A625D04BDE7}.Debug|Any CPU.Build.0 = Debug|Any CPU
		{3DD68B4A-2394-46B6-A82C-7A625D04BDE7}.Debug|Mixed Platforms.ActiveCfg = Debug|Any CPU
		{3DD68B4A-2394-46B6-A82C-7A625D04BDE7}.Debug|Mixed Platforms.Build.0 = Debug|Any CPU
		{3DD68B4A-2394-46B6-A82C-7A625D04BDE7}.Debug|x86.ActiveCfg = Debug|Any CPU
		{3DD68B4A-2394-46B6-A82C-7A625D04BDE7}.Release|Any CPU.ActiveCfg = Release|Any CPU
		{3DD68B4A-2394-46B6-A82C-7A625D04BDE7}.Release|Any CPU.Build.0 = Release|Any CPU
		{3DD68B4A-2394-46B6-A82C-7A625D04BDE7}.Release|Mixed Platforms.ActiveCfg = Release|Any CPU
		{3DD68B4A-2394-46B6-A82C-7A625D04BDE7}.Release|Mixed Platforms.Build.0 = Release|Any CPU
		{3DD68B4A-2394-46B6-A82C-7A625D04BDE7}.Release|x86.ActiveCfg = Release|Any CPU
		{721FB860-9582-4868-8DAA-3D4EDD575029}.Debug|Any CPU.ActiveCfg = Debug|Any CPU
		{721FB860-9582-4868-8DAA-3D4EDD575029}.Debug|Any CPU.Build.0 = Debug|Any CPU
		{721FB860-9582-4868-8DAA-3D4EDD575029}.Debug|Mixed Platforms.ActiveCfg = Debug|Any CPU
		{721FB860-9582-4868-8DAA-3D4EDD575029}.Debug|Mixed Platforms.Build.0 = Debug|Any CPU
		{721FB860-9582-4868-8DAA-3D4EDD575029}.Debug|x86.ActiveCfg = Debug|Any CPU
		{721FB860-9582-4868-8DAA-3D4EDD575029}.Release|Any CPU.ActiveCfg = Release|Any CPU
		{721FB860-9582-4868-8DAA-3D4EDD575029}.Release|Any CPU.Build.0 = Release|Any CPU
		{721FB860-9582-4868-8DAA-3D4EDD575029}.Release|Mixed Platforms.ActiveCfg = Release|Any CPU
		{721FB860-9582-4868-8DAA-3D4EDD575029}.Release|Mixed Platforms.Build.0 = Release|Any CPU
		{721FB860-9582-4868-8DAA-3D4EDD575029}.Release|x86.ActiveCfg = Release|Any CPU
		{FC915936-09F7-4C9E-A8B3-26AF3866D73C}.Debug|Any CPU.ActiveCfg = Debug|Any CPU
		{FC915936-09F7-4C9E-A8B3-26AF3866D73C}.Debug|Any CPU.Build.0 = Debug|Any CPU
		{FC915936-09F7-4C9E-A8B3-26AF3866D73C}.Debug|Mixed Platforms.ActiveCfg = Debug|Any CPU
		{FC915936-09F7-4C9E-A8B3-26AF3866D73C}.Debug|Mixed Platforms.Build.0 = Debug|Any CPU
		{FC915936-09F7-4C9E-A8B3-26AF3866D73C}.Debug|x86.ActiveCfg = Debug|Any CPU
		{FC915936-09F7-4C9E-A8B3-26AF3866D73C}.Release|Any CPU.ActiveCfg = Release|Any CPU
		{FC915936-09F7-4C9E-A8B3-26AF3866D73C}.Release|Any CPU.Build.0 = Release|Any CPU
		{FC915936-09F7-4C9E-A8B3-26AF3866D73C}.Release|Mixed Platforms.ActiveCfg = Release|Any CPU
		{FC915936-09F7-4C9E-A8B3-26AF3866D73C}.Release|Mixed Platforms.Build.0 = Release|Any CPU
		{FC915936-09F7-4C9E-A8B3-26AF3866D73C}.Release|x86.ActiveCfg = Release|Any CPU
		{EE166FF7-EB97-4FAF-BDC6-D1BB42784D78}.Debug|Any CPU.ActiveCfg = Debug|Any CPU
		{EE166FF7-EB97-4FAF-BDC6-D1BB42784D78}.Debug|Any CPU.Build.0 = Debug|Any CPU
		{EE166FF7-EB97-4FAF-BDC6-D1BB42784D78}.Debug|Mixed Platforms.ActiveCfg = Debug|Any CPU
		{EE166FF7-EB97-4FAF-BDC6-D1BB42784D78}.Debug|Mixed Platforms.Build.0 = Debug|Any CPU
		{EE166FF7-EB97-4FAF-BDC6-D1BB42784D78}.Debug|x86.ActiveCfg = Debug|Any CPU
		{EE166FF7-EB97-4FAF-BDC6-D1BB42784D78}.Release|Any CPU.ActiveCfg = Release|Any CPU
		{EE166FF7-EB97-4FAF-BDC6-D1BB42784D78}.Release|Any CPU.Build.0 = Release|Any CPU
		{EE166FF7-EB97-4FAF-BDC6-D1BB42784D78}.Release|Mixed Platforms.ActiveCfg = Release|Any CPU
		{EE166FF7-EB97-4FAF-BDC6-D1BB42784D78}.Release|Mixed Platforms.Build.0 = Release|Any CPU
		{EE166FF7-EB97-4FAF-BDC6-D1BB42784D78}.Release|x86.ActiveCfg = Release|Any CPU
		{DCDE1929-502C-4B16-B10B-83C3BFCAC405}.Debug|Any CPU.ActiveCfg = Debug|Any CPU
		{DCDE1929-502C-4B16-B10B-83C3BFCAC405}.Debug|Any CPU.Build.0 = Debug|Any CPU
		{DCDE1929-502C-4B16-B10B-83C3BFCAC405}.Debug|Mixed Platforms.ActiveCfg = Debug|Any CPU
		{DCDE1929-502C-4B16-B10B-83C3BFCAC405}.Debug|Mixed Platforms.Build.0 = Debug|Any CPU
		{DCDE1929-502C-4B16-B10B-83C3BFCAC405}.Debug|x86.ActiveCfg = Debug|Any CPU
		{DCDE1929-502C-4B16-B10B-83C3BFCAC405}.Release|Any CPU.ActiveCfg = Release|Any CPU
		{DCDE1929-502C-4B16-B10B-83C3BFCAC405}.Release|Any CPU.Build.0 = Release|Any CPU
		{DCDE1929-502C-4B16-B10B-83C3BFCAC405}.Release|Mixed Platforms.ActiveCfg = Release|Any CPU
		{DCDE1929-502C-4B16-B10B-83C3BFCAC405}.Release|Mixed Platforms.Build.0 = Release|Any CPU
		{DCDE1929-502C-4B16-B10B-83C3BFCAC405}.Release|x86.ActiveCfg = Release|Any CPU
		{3BE40222-1D4E-42C4-A064-E8C436EC96F3}.Debug|Any CPU.ActiveCfg = Debug|Any CPU
		{3BE40222-1D4E-42C4-A064-E8C436EC96F3}.Debug|Any CPU.Build.0 = Debug|Any CPU
		{3BE40222-1D4E-42C4-A064-E8C436EC96F3}.Debug|Mixed Platforms.ActiveCfg = Debug|Any CPU
		{3BE40222-1D4E-42C4-A064-E8C436EC96F3}.Debug|Mixed Platforms.Build.0 = Debug|Any CPU
		{3BE40222-1D4E-42C4-A064-E8C436EC96F3}.Debug|x86.ActiveCfg = Debug|Any CPU
		{3BE40222-1D4E-42C4-A064-E8C436EC96F3}.Release|Any CPU.ActiveCfg = Release|Any CPU
		{3BE40222-1D4E-42C4-A064-E8C436EC96F3}.Release|Any CPU.Build.0 = Release|Any CPU
		{3BE40222-1D4E-42C4-A064-E8C436EC96F3}.Release|Mixed Platforms.ActiveCfg = Release|Any CPU
		{3BE40222-1D4E-42C4-A064-E8C436EC96F3}.Release|Mixed Platforms.Build.0 = Release|Any CPU
		{3BE40222-1D4E-42C4-A064-E8C436EC96F3}.Release|x86.ActiveCfg = Release|Any CPU
		{90E670B8-D546-453E-8BF7-873E7D1575D4}.Debug|Any CPU.ActiveCfg = Debug|Any CPU
		{90E670B8-D546-453E-8BF7-873E7D1575D4}.Debug|Any CPU.Build.0 = Debug|Any CPU
		{90E670B8-D546-453E-8BF7-873E7D1575D4}.Debug|Mixed Platforms.ActiveCfg = Debug|Any CPU
		{90E670B8-D546-453E-8BF7-873E7D1575D4}.Debug|Mixed Platforms.Build.0 = Debug|Any CPU
		{90E670B8-D546-453E-8BF7-873E7D1575D4}.Debug|x86.ActiveCfg = Debug|Any CPU
		{90E670B8-D546-453E-8BF7-873E7D1575D4}.Release|Any CPU.ActiveCfg = Release|Any CPU
		{90E670B8-D546-453E-8BF7-873E7D1575D4}.Release|Any CPU.Build.0 = Release|Any CPU
		{90E670B8-D546-453E-8BF7-873E7D1575D4}.Release|Mixed Platforms.ActiveCfg = Release|Any CPU
		{90E670B8-D546-453E-8BF7-873E7D1575D4}.Release|Mixed Platforms.Build.0 = Release|Any CPU
		{90E670B8-D546-453E-8BF7-873E7D1575D4}.Release|x86.ActiveCfg = Release|Any CPU
		{5C15DAF7-DD0C-4033-83BA-BCB6CF744FC3}.Debug|Any CPU.ActiveCfg = Debug|Any CPU
		{5C15DAF7-DD0C-4033-83BA-BCB6CF744FC3}.Debug|Any CPU.Build.0 = Debug|Any CPU
		{5C15DAF7-DD0C-4033-83BA-BCB6CF744FC3}.Debug|Mixed Platforms.ActiveCfg = Debug|Any CPU
		{5C15DAF7-DD0C-4033-83BA-BCB6CF744FC3}.Debug|Mixed Platforms.Build.0 = Debug|Any CPU
		{5C15DAF7-DD0C-4033-83BA-BCB6CF744FC3}.Debug|x86.ActiveCfg = Debug|Any CPU
		{5C15DAF7-DD0C-4033-83BA-BCB6CF744FC3}.Release|Any CPU.ActiveCfg = Release|Any CPU
		{5C15DAF7-DD0C-4033-83BA-BCB6CF744FC3}.Release|Any CPU.Build.0 = Release|Any CPU
		{5C15DAF7-DD0C-4033-83BA-BCB6CF744FC3}.Release|Mixed Platforms.ActiveCfg = Release|Any CPU
		{5C15DAF7-DD0C-4033-83BA-BCB6CF744FC3}.Release|Mixed Platforms.Build.0 = Release|Any CPU
		{5C15DAF7-DD0C-4033-83BA-BCB6CF744FC3}.Release|x86.ActiveCfg = Release|Any CPU
		{73B5EC30-ED1C-4ACD-93C5-73EC9266D28F}.Debug|Any CPU.ActiveCfg = Debug|x86
		{73B5EC30-ED1C-4ACD-93C5-73EC9266D28F}.Debug|Mixed Platforms.ActiveCfg = Debug|x86
		{73B5EC30-ED1C-4ACD-93C5-73EC9266D28F}.Debug|Mixed Platforms.Build.0 = Debug|x86
		{73B5EC30-ED1C-4ACD-93C5-73EC9266D28F}.Debug|x86.ActiveCfg = Debug|x86
		{73B5EC30-ED1C-4ACD-93C5-73EC9266D28F}.Debug|x86.Build.0 = Debug|x86
		{73B5EC30-ED1C-4ACD-93C5-73EC9266D28F}.Release|Any CPU.ActiveCfg = Release|x86
		{73B5EC30-ED1C-4ACD-93C5-73EC9266D28F}.Release|Mixed Platforms.ActiveCfg = Release|x86
		{73B5EC30-ED1C-4ACD-93C5-73EC9266D28F}.Release|Mixed Platforms.Build.0 = Release|x86
		{73B5EC30-ED1C-4ACD-93C5-73EC9266D28F}.Release|x86.ActiveCfg = Release|x86
		{73B5EC30-ED1C-4ACD-93C5-73EC9266D28F}.Release|x86.Build.0 = Release|x86
		{B46A47E7-944C-4241-8C87-A274F8F4D5DE}.Debug|Any CPU.ActiveCfg = Debug|Any CPU
		{B46A47E7-944C-4241-8C87-A274F8F4D5DE}.Debug|Any CPU.Build.0 = Debug|Any CPU
		{B46A47E7-944C-4241-8C87-A274F8F4D5DE}.Debug|Mixed Platforms.ActiveCfg = Debug|Any CPU
		{B46A47E7-944C-4241-8C87-A274F8F4D5DE}.Debug|Mixed Platforms.Build.0 = Debug|Any CPU
		{B46A47E7-944C-4241-8C87-A274F8F4D5DE}.Debug|x86.ActiveCfg = Debug|Any CPU
		{B46A47E7-944C-4241-8C87-A274F8F4D5DE}.Release|Any CPU.ActiveCfg = Release|Any CPU
		{B46A47E7-944C-4241-8C87-A274F8F4D5DE}.Release|Any CPU.Build.0 = Release|Any CPU
		{B46A47E7-944C-4241-8C87-A274F8F4D5DE}.Release|Mixed Platforms.ActiveCfg = Release|Any CPU
		{B46A47E7-944C-4241-8C87-A274F8F4D5DE}.Release|Mixed Platforms.Build.0 = Release|Any CPU
		{B46A47E7-944C-4241-8C87-A274F8F4D5DE}.Release|x86.ActiveCfg = Release|Any CPU
		{5B65E5BB-121E-4857-A4C5-7C1A8CAC1978}.Debug|Any CPU.ActiveCfg = Debug|Any CPU
		{5B65E5BB-121E-4857-A4C5-7C1A8CAC1978}.Debug|Any CPU.Build.0 = Debug|Any CPU
		{5B65E5BB-121E-4857-A4C5-7C1A8CAC1978}.Debug|Mixed Platforms.ActiveCfg = Debug|Any CPU
		{5B65E5BB-121E-4857-A4C5-7C1A8CAC1978}.Debug|Mixed Platforms.Build.0 = Debug|Any CPU
		{5B65E5BB-121E-4857-A4C5-7C1A8CAC1978}.Debug|x86.ActiveCfg = Debug|Any CPU
		{5B65E5BB-121E-4857-A4C5-7C1A8CAC1978}.Release|Any CPU.ActiveCfg = Release|Any CPU
		{5B65E5BB-121E-4857-A4C5-7C1A8CAC1978}.Release|Any CPU.Build.0 = Release|Any CPU
		{5B65E5BB-121E-4857-A4C5-7C1A8CAC1978}.Release|Mixed Platforms.ActiveCfg = Release|Any CPU
		{5B65E5BB-121E-4857-A4C5-7C1A8CAC1978}.Release|Mixed Platforms.Build.0 = Release|Any CPU
		{5B65E5BB-121E-4857-A4C5-7C1A8CAC1978}.Release|x86.ActiveCfg = Release|Any CPU
		{B1EEB277-E227-4475-B512-189DCC48FEB7}.Debug|Any CPU.ActiveCfg = Debug|Any CPU
		{B1EEB277-E227-4475-B512-189DCC48FEB7}.Debug|Any CPU.Build.0 = Debug|Any CPU
		{B1EEB277-E227-4475-B512-189DCC48FEB7}.Debug|Mixed Platforms.ActiveCfg = Debug|Any CPU
		{B1EEB277-E227-4475-B512-189DCC48FEB7}.Debug|Mixed Platforms.Build.0 = Debug|Any CPU
		{B1EEB277-E227-4475-B512-189DCC48FEB7}.Debug|x86.ActiveCfg = Debug|Any CPU
		{B1EEB277-E227-4475-B512-189DCC48FEB7}.Release|Any CPU.ActiveCfg = Release|Any CPU
		{B1EEB277-E227-4475-B512-189DCC48FEB7}.Release|Any CPU.Build.0 = Release|Any CPU
		{B1EEB277-E227-4475-B512-189DCC48FEB7}.Release|Mixed Platforms.ActiveCfg = Release|Any CPU
		{B1EEB277-E227-4475-B512-189DCC48FEB7}.Release|Mixed Platforms.Build.0 = Release|Any CPU
		{B1EEB277-E227-4475-B512-189DCC48FEB7}.Release|x86.ActiveCfg = Release|Any CPU
		{E1EB8E0C-AFDB-4D41-B2A2-D8779CCE3BFE}.Debug|Any CPU.ActiveCfg = Debug|Any CPU
		{E1EB8E0C-AFDB-4D41-B2A2-D8779CCE3BFE}.Debug|Any CPU.Build.0 = Debug|Any CPU
		{E1EB8E0C-AFDB-4D41-B2A2-D8779CCE3BFE}.Debug|Mixed Platforms.ActiveCfg = Debug|Any CPU
		{E1EB8E0C-AFDB-4D41-B2A2-D8779CCE3BFE}.Debug|Mixed Platforms.Build.0 = Debug|Any CPU
		{E1EB8E0C-AFDB-4D41-B2A2-D8779CCE3BFE}.Debug|x86.ActiveCfg = Debug|Any CPU
		{E1EB8E0C-AFDB-4D41-B2A2-D8779CCE3BFE}.Release|Any CPU.ActiveCfg = Release|Any CPU
		{E1EB8E0C-AFDB-4D41-B2A2-D8779CCE3BFE}.Release|Any CPU.Build.0 = Release|Any CPU
		{E1EB8E0C-AFDB-4D41-B2A2-D8779CCE3BFE}.Release|Mixed Platforms.ActiveCfg = Release|Any CPU
		{E1EB8E0C-AFDB-4D41-B2A2-D8779CCE3BFE}.Release|Mixed Platforms.Build.0 = Release|Any CPU
		{E1EB8E0C-AFDB-4D41-B2A2-D8779CCE3BFE}.Release|x86.ActiveCfg = Release|Any CPU
		{60FA5750-09F5-45C2-94F6-6B525BF244B9}.Debug|Any CPU.ActiveCfg = Debug|Any CPU
		{60FA5750-09F5-45C2-94F6-6B525BF244B9}.Debug|Any CPU.Build.0 = Debug|Any CPU
		{60FA5750-09F5-45C2-94F6-6B525BF244B9}.Debug|Mixed Platforms.ActiveCfg = Debug|Any CPU
		{60FA5750-09F5-45C2-94F6-6B525BF244B9}.Debug|Mixed Platforms.Build.0 = Debug|Any CPU
		{60FA5750-09F5-45C2-94F6-6B525BF244B9}.Debug|x86.ActiveCfg = Debug|Any CPU
		{60FA5750-09F5-45C2-94F6-6B525BF244B9}.Release|Any CPU.ActiveCfg = Release|Any CPU
		{60FA5750-09F5-45C2-94F6-6B525BF244B9}.Release|Any CPU.Build.0 = Release|Any CPU
		{60FA5750-09F5-45C2-94F6-6B525BF244B9}.Release|Mixed Platforms.ActiveCfg = Release|Any CPU
		{60FA5750-09F5-45C2-94F6-6B525BF244B9}.Release|Mixed Platforms.Build.0 = Release|Any CPU
		{60FA5750-09F5-45C2-94F6-6B525BF244B9}.Release|x86.ActiveCfg = Release|Any CPU
		{B373984A-4734-43FC-A9B2-87BF33A847B2}.Debug|Any CPU.ActiveCfg = Debug|Any CPU
		{B373984A-4734-43FC-A9B2-87BF33A847B2}.Debug|Any CPU.Build.0 = Debug|Any CPU
		{B373984A-4734-43FC-A9B2-87BF33A847B2}.Debug|Mixed Platforms.ActiveCfg = Debug|Any CPU
		{B373984A-4734-43FC-A9B2-87BF33A847B2}.Debug|Mixed Platforms.Build.0 = Debug|Any CPU
		{B373984A-4734-43FC-A9B2-87BF33A847B2}.Debug|x86.ActiveCfg = Debug|Any CPU
		{B373984A-4734-43FC-A9B2-87BF33A847B2}.Release|Any CPU.ActiveCfg = Release|Any CPU
		{B373984A-4734-43FC-A9B2-87BF33A847B2}.Release|Any CPU.Build.0 = Release|Any CPU
		{B373984A-4734-43FC-A9B2-87BF33A847B2}.Release|Mixed Platforms.ActiveCfg = Release|Any CPU
		{B373984A-4734-43FC-A9B2-87BF33A847B2}.Release|Mixed Platforms.Build.0 = Release|Any CPU
		{B373984A-4734-43FC-A9B2-87BF33A847B2}.Release|x86.ActiveCfg = Release|Any CPU
		{11E63692-783D-4469-9F84-7E0B4C3AC8DD}.Debug|Any CPU.ActiveCfg = Debug|Any CPU
		{11E63692-783D-4469-9F84-7E0B4C3AC8DD}.Debug|Any CPU.Build.0 = Debug|Any CPU
		{11E63692-783D-4469-9F84-7E0B4C3AC8DD}.Debug|Mixed Platforms.ActiveCfg = Debug|Any CPU
		{11E63692-783D-4469-9F84-7E0B4C3AC8DD}.Debug|Mixed Platforms.Build.0 = Debug|Any CPU
		{11E63692-783D-4469-9F84-7E0B4C3AC8DD}.Debug|x86.ActiveCfg = Debug|Any CPU
		{11E63692-783D-4469-9F84-7E0B4C3AC8DD}.Release|Any CPU.ActiveCfg = Release|Any CPU
		{11E63692-783D-4469-9F84-7E0B4C3AC8DD}.Release|Any CPU.Build.0 = Release|Any CPU
		{11E63692-783D-4469-9F84-7E0B4C3AC8DD}.Release|Mixed Platforms.ActiveCfg = Release|Any CPU
		{11E63692-783D-4469-9F84-7E0B4C3AC8DD}.Release|Mixed Platforms.Build.0 = Release|Any CPU
		{11E63692-783D-4469-9F84-7E0B4C3AC8DD}.Release|x86.ActiveCfg = Release|Any CPU
		{76B20E37-369D-4AEC-BA67-A807578E502F}.Debug|Any CPU.ActiveCfg = Debug|Any CPU
		{76B20E37-369D-4AEC-BA67-A807578E502F}.Debug|Any CPU.Build.0 = Debug|Any CPU
		{76B20E37-369D-4AEC-BA67-A807578E502F}.Debug|Mixed Platforms.ActiveCfg = Debug|Any CPU
		{76B20E37-369D-4AEC-BA67-A807578E502F}.Debug|Mixed Platforms.Build.0 = Debug|Any CPU
		{76B20E37-369D-4AEC-BA67-A807578E502F}.Debug|x86.ActiveCfg = Debug|Any CPU
		{76B20E37-369D-4AEC-BA67-A807578E502F}.Release|Any CPU.ActiveCfg = Release|Any CPU
		{76B20E37-369D-4AEC-BA67-A807578E502F}.Release|Any CPU.Build.0 = Release|Any CPU
		{76B20E37-369D-4AEC-BA67-A807578E502F}.Release|Mixed Platforms.ActiveCfg = Release|Any CPU
		{76B20E37-369D-4AEC-BA67-A807578E502F}.Release|Mixed Platforms.Build.0 = Release|Any CPU
		{76B20E37-369D-4AEC-BA67-A807578E502F}.Release|x86.ActiveCfg = Release|Any CPU
		{83A2F6BD-9284-4DFB-AF4A-0623B8211BEB}.Debug|Any CPU.ActiveCfg = Debug|Any CPU
		{83A2F6BD-9284-4DFB-AF4A-0623B8211BEB}.Debug|Any CPU.Build.0 = Debug|Any CPU
		{83A2F6BD-9284-4DFB-AF4A-0623B8211BEB}.Debug|Mixed Platforms.ActiveCfg = Debug|Any CPU
		{83A2F6BD-9284-4DFB-AF4A-0623B8211BEB}.Debug|Mixed Platforms.Build.0 = Debug|Any CPU
		{83A2F6BD-9284-4DFB-AF4A-0623B8211BEB}.Debug|x86.ActiveCfg = Debug|Any CPU
		{83A2F6BD-9284-4DFB-AF4A-0623B8211BEB}.Release|Any CPU.ActiveCfg = Release|Any CPU
		{83A2F6BD-9284-4DFB-AF4A-0623B8211BEB}.Release|Any CPU.Build.0 = Release|Any CPU
		{83A2F6BD-9284-4DFB-AF4A-0623B8211BEB}.Release|Mixed Platforms.ActiveCfg = Release|Any CPU
		{83A2F6BD-9284-4DFB-AF4A-0623B8211BEB}.Release|Mixed Platforms.Build.0 = Release|Any CPU
		{83A2F6BD-9284-4DFB-AF4A-0623B8211BEB}.Release|x86.ActiveCfg = Release|Any CPU
		{4E848710-704E-48B2-8A71-4D6B4832E941}.Debug|Any CPU.ActiveCfg = Debug|Any CPU
		{4E848710-704E-48B2-8A71-4D6B4832E941}.Debug|Any CPU.Build.0 = Debug|Any CPU
		{4E848710-704E-48B2-8A71-4D6B4832E941}.Debug|Mixed Platforms.ActiveCfg = Debug|Any CPU
		{4E848710-704E-48B2-8A71-4D6B4832E941}.Debug|Mixed Platforms.Build.0 = Debug|Any CPU
		{4E848710-704E-48B2-8A71-4D6B4832E941}.Debug|x86.ActiveCfg = Debug|Any CPU
		{4E848710-704E-48B2-8A71-4D6B4832E941}.Release|Any CPU.ActiveCfg = Release|Any CPU
		{4E848710-704E-48B2-8A71-4D6B4832E941}.Release|Any CPU.Build.0 = Release|Any CPU
		{4E848710-704E-48B2-8A71-4D6B4832E941}.Release|Mixed Platforms.ActiveCfg = Release|Any CPU
		{4E848710-704E-48B2-8A71-4D6B4832E941}.Release|Mixed Platforms.Build.0 = Release|Any CPU
		{4E848710-704E-48B2-8A71-4D6B4832E941}.Release|x86.ActiveCfg = Release|Any CPU
		{2E4ABFFF-4CEA-490A-A090-9040C58DDEBF}.Debug|Any CPU.ActiveCfg = Debug|Any CPU
		{2E4ABFFF-4CEA-490A-A090-9040C58DDEBF}.Debug|Any CPU.Build.0 = Debug|Any CPU
		{2E4ABFFF-4CEA-490A-A090-9040C58DDEBF}.Debug|Mixed Platforms.ActiveCfg = Debug|Any CPU
		{2E4ABFFF-4CEA-490A-A090-9040C58DDEBF}.Debug|Mixed Platforms.Build.0 = Debug|Any CPU
		{2E4ABFFF-4CEA-490A-A090-9040C58DDEBF}.Debug|x86.ActiveCfg = Debug|Any CPU
		{2E4ABFFF-4CEA-490A-A090-9040C58DDEBF}.Release|Any CPU.ActiveCfg = Debug|Any CPU
		{2E4ABFFF-4CEA-490A-A090-9040C58DDEBF}.Release|Any CPU.Build.0 = Debug|Any CPU
		{2E4ABFFF-4CEA-490A-A090-9040C58DDEBF}.Release|Mixed Platforms.ActiveCfg = Debug|Any CPU
		{2E4ABFFF-4CEA-490A-A090-9040C58DDEBF}.Release|Mixed Platforms.Build.0 = Debug|Any CPU
		{2E4ABFFF-4CEA-490A-A090-9040C58DDEBF}.Release|x86.ActiveCfg = Debug|Any CPU
		{CDBDC26C-DA44-4084-AEDB-7F202A54CB7D}.Debug|Any CPU.ActiveCfg = Debug|Any CPU
		{CDBDC26C-DA44-4084-AEDB-7F202A54CB7D}.Debug|Any CPU.Build.0 = Debug|Any CPU
		{CDBDC26C-DA44-4084-AEDB-7F202A54CB7D}.Debug|Mixed Platforms.ActiveCfg = Debug|Any CPU
		{CDBDC26C-DA44-4084-AEDB-7F202A54CB7D}.Debug|Mixed Platforms.Build.0 = Debug|Any CPU
		{CDBDC26C-DA44-4084-AEDB-7F202A54CB7D}.Debug|x86.ActiveCfg = Debug|Any CPU
		{CDBDC26C-DA44-4084-AEDB-7F202A54CB7D}.Release|Any CPU.ActiveCfg = Release|Any CPU
		{CDBDC26C-DA44-4084-AEDB-7F202A54CB7D}.Release|Any CPU.Build.0 = Release|Any CPU
		{CDBDC26C-DA44-4084-AEDB-7F202A54CB7D}.Release|Mixed Platforms.ActiveCfg = Release|Any CPU
		{CDBDC26C-DA44-4084-AEDB-7F202A54CB7D}.Release|Mixed Platforms.Build.0 = Release|Any CPU
		{CDBDC26C-DA44-4084-AEDB-7F202A54CB7D}.Release|x86.ActiveCfg = Release|Any CPU
	EndGlobalSection
	GlobalSection(SolutionProperties) = preSolution
		HideSolutionNode = FALSE
	EndGlobalSection
	GlobalSection(NestedProjects) = preSolution
		{11BEC597-21C6-4B2D-AD72-A4F66433CD5D} = {694F71BD-1F55-41BB-A9A9-84F39FE9E22E}
		{6CA89822-85D5-47B2-8E54-46AFAE1A53F7} = {694F71BD-1F55-41BB-A9A9-84F39FE9E22E}
		{C3E7790F-7034-4154-AA46-5F593A8E7E4C} = {694F71BD-1F55-41BB-A9A9-84F39FE9E22E}
		{DAA9509C-E2E7-4980-8EA1-9D1956818A8A} = {11BEC597-21C6-4B2D-AD72-A4F66433CD5D}
		{AFF23C06-3837-4CE2-82C3-60663B082A65} = {6CA89822-85D5-47B2-8E54-46AFAE1A53F7}
		{3DD68B4A-2394-46B6-A82C-7A625D04BDE7} = {6CA89822-85D5-47B2-8E54-46AFAE1A53F7}
		{721FB860-9582-4868-8DAA-3D4EDD575029} = {C3E7790F-7034-4154-AA46-5F593A8E7E4C}
		{23695F93-AFC3-4DA9-9E47-FC4DBB69C687} = {0C5E0FB0-CBAF-4FD8-92C1-F555A7810B09}
		{2F81C2D0-D3E8-4DB8-BCE7-FC54EFB7A1AE} = {0C5E0FB0-CBAF-4FD8-92C1-F555A7810B09}
		{FC915936-09F7-4C9E-A8B3-26AF3866D73C} = {23695F93-AFC3-4DA9-9E47-FC4DBB69C687}
		{EE166FF7-EB97-4FAF-BDC6-D1BB42784D78} = {23695F93-AFC3-4DA9-9E47-FC4DBB69C687}
		{DCDE1929-502C-4B16-B10B-83C3BFCAC405} = {2F81C2D0-D3E8-4DB8-BCE7-FC54EFB7A1AE}
		{3BE40222-1D4E-42C4-A064-E8C436EC96F3} = {2F81C2D0-D3E8-4DB8-BCE7-FC54EFB7A1AE}
		{184EBCA2-9725-4A52-B476-6C0D89C98AC3} = {A2F43D9D-B0B9-402B-9DC7-E72D1286BA29}
		{7A1906A7-B144-4EEB-B88F-D521E0540DD5} = {A2F43D9D-B0B9-402B-9DC7-E72D1286BA29}
		{90E670B8-D546-453E-8BF7-873E7D1575D4} = {184EBCA2-9725-4A52-B476-6C0D89C98AC3}
		{5C15DAF7-DD0C-4033-83BA-BCB6CF744FC3} = {7A1906A7-B144-4EEB-B88F-D521E0540DD5}
		{E6034405-5824-42BA-A911-7C8F4E8C3279} = {C83CF09D-B0C8-45C1-859C-9FE8BD040645}
		{2C8EE2D3-C507-49F7-B709-ABACB6D99098} = {C83CF09D-B0C8-45C1-859C-9FE8BD040645}
		{73B5EC30-ED1C-4ACD-93C5-73EC9266D28F} = {2C8EE2D3-C507-49F7-B709-ABACB6D99098}
		{41D2C1A9-C155-429E-8B51-4A8BBA7B5D98} = {981A31A1-0DD6-45BA-B48E-796383D91C91}
		{B46A47E7-944C-4241-8C87-A274F8F4D5DE} = {41D2C1A9-C155-429E-8B51-4A8BBA7B5D98}
		{5B65E5BB-121E-4857-A4C5-7C1A8CAC1978} = {41D2C1A9-C155-429E-8B51-4A8BBA7B5D98}
		{B1EEB277-E227-4475-B512-189DCC48FEB7} = {41D2C1A9-C155-429E-8B51-4A8BBA7B5D98}
		{E1EB8E0C-AFDB-4D41-B2A2-D8779CCE3BFE} = {41D2C1A9-C155-429E-8B51-4A8BBA7B5D98}
		{60FA5750-09F5-45C2-94F6-6B525BF244B9} = {41D2C1A9-C155-429E-8B51-4A8BBA7B5D98}
		{2893A47D-B1D9-4AF2-BD1C-1A08563807F9} = {948382DF-E9F2-454D-888D-E5535F420C3A}
		{334110BB-733F-4CD9-AFE7-0DFE0D13CF51} = {948382DF-E9F2-454D-888D-E5535F420C3A}
		{2DFAB4E0-2FF4-402A-BABE-9AEC0445263F} = {948382DF-E9F2-454D-888D-E5535F420C3A}
		{80CF7ED8-39FA-4F38-AE0E-4D7910DADF7D} = {948382DF-E9F2-454D-888D-E5535F420C3A}
		{B373984A-4734-43FC-A9B2-87BF33A847B2} = {2893A47D-B1D9-4AF2-BD1C-1A08563807F9}
		{11E63692-783D-4469-9F84-7E0B4C3AC8DD} = {334110BB-733F-4CD9-AFE7-0DFE0D13CF51}
		{76B20E37-369D-4AEC-BA67-A807578E502F} = {2DFAB4E0-2FF4-402A-BABE-9AEC0445263F}
		{83A2F6BD-9284-4DFB-AF4A-0623B8211BEB} = {53B74E97-A254-4B82-B658-05C09591F7B4}
		{4E848710-704E-48B2-8A71-4D6B4832E941} = {53B74E97-A254-4B82-B658-05C09591F7B4}
		{2E4ABFFF-4CEA-490A-A090-9040C58DDEBF} = {53B74E97-A254-4B82-B658-05C09591F7B4}
		{CDBDC26C-DA44-4084-AEDB-7F202A54CB7D} = {80CF7ED8-39FA-4F38-AE0E-4D7910DADF7D}
	EndGlobalSection
EndGlobal
